
Microsoft Visual Studio Solution File, Format Version 12.00
# Visual Studio Version 16
VisualStudioVersion = 16.0.31829.152
MinimumVisualStudioVersion = 10.0.40219.1
Project("{FAE04EC0-301F-11D3-BF4B-00C04F79EFBC}") = "AlgorithmProgram", "AlgorithmProgram\AlgorithmProgram.csproj", "{7DB5EF42-C109-4615-87C1-2B75C29D9197}"
EndProject
Global
	GlobalSection(SolutionConfigurationPlatforms) = preSolution
		Debug|Any CPU = Debug|Any CPU
		Release|Any CPU = Release|Any CPU
	EndGlobalSection
	GlobalSection(ProjectConfigurationPlatforms) = postSolution
		{7DB5EF42-C109-4615-87C1-2B75C29D9197}.Debug|Any CPU.ActiveCfg = Debug|Any CPU
		{7DB5EF42-C109-4615-87C1-2B75C29D9197}.Debug|Any CPU.Build.0 = Debug|Any CPU
		{7DB5EF42-C109-4615-87C1-2B75C29D9197}.Release|Any CPU.ActiveCfg = Release|Any CPU
		{7DB5EF42-C109-4615-87C1-2B75C29D9197}.Release|Any CPU.Build.0 = Release|Any CPU
	EndGlobalSection
	GlobalSection(SolutionProperties) = preSolution
		HideSolutionNode = FALSE
	EndGlobalSection
	GlobalSection(ExtensibilityGlobals) = postSolution
		SolutionGuid = {8418775F-DFA7-4170-8B52-25A2D2E00649}
	EndGlobalSection
EndGlobal
